Microsoft Visual Studio Solution File, Format Version 12.00
# Visual Studio Version 16
VisualStudioVersion = 16.0.29503.13
MinimumVisualStudioVersion = 10.0.40219.1
Project("{00D1A9C2-B5F0-4AF3-8072-F6C62B433612}") = "SFA.DAS.LearnerNotifications.Database", "SFA.DAS.LearnerNotifications.Database\SFA.DAS.LearnerNotifications.Database.sqlproj", "{8EE80DB6-D02E-4D04-8350-407BA322E5AF}"
EndProject
Global
	GlobalSection(SolutionConfigurationPlatforms) = preSolution
		Debug|Any CPU = Debug|Any CPU
		Release|Any CPU = Release|Any CPU
	EndGlobalSection
	GlobalSection(ProjectConfigurationPlatforms) = postSolution
		{8EE80DB6-D02E-4D04-8350-407BA322E5AF}.Debug|Any CPU.ActiveCfg = Debug|Any CPU
		{8EE80DB6-D02E-4D04-8350-407BA322E5AF}.Debug|Any CPU.Build.0 = Debug|Any CPU
		{8EE80DB6-D02E-4D04-8350-407BA322E5AF}.Debug|Any CPU.Deploy.0 = Debug|Any CPU
		{8EE80DB6-D02E-4D04-8350-407BA322E5AF}.Release|Any CPU.ActiveCfg = Release|Any CPU
		{8EE80DB6-D02E-4D04-8350-407BA322E5AF}.Release|Any CPU.Build.0 = Release|Any CPU
		{8EE80DB6-D02E-4D04-8350-407BA322E5AF}.Release|Any CPU.Deploy.0 = Release|Any CPU
	EndGlobalSection
	GlobalSection(SolutionProperties) = preSolution
		HideSolutionNode = FALSE
	EndGlobalSection
	GlobalSection(ExtensibilityGlobals) = postSolution
		SolutionGuid = {F2696654-8E1B-47D0-8283-6D38B7D18F98}
	EndGlobalSection
EndGlobal