
Microsoft Visual Studio Solution File, Format Version 12.00
# Visual Studio Version 18
VisualStudioVersion = 18.6.11822.322 stable
MinimumVisualStudioVersion = 10.0.40219.1
Project("{00D1A9C2-B5F0-4AF3-8072-F6C62B433612}") = "SFA.DAS.LearnerNotifications.Database", "SFA.DAS.LearnerNotifications.Database\SFA.DAS.LearnerNotifications.Database.sqlproj", "{8EE80DB6-D02E-4D04-8350-407BA322E5AF}"
EndProject
Project("{2150E333-8FDC-42A3-9474-1A3956D46DE8}") = "Tests", "Tests", "{336693DC-54CB-4328-97CC-523BF912C562}"
EndProject
Project("{FAE04EC0-301F-11D3-BF4B-00C04F79EFBC}") = "SFA.DAS.LearnerNotifications.Tests.Acceptance", "SFA.DAS.LearnerNotifications.Tests.Acceptance\SFA.DAS.LearnerNotifications.Tests.Acceptance.csproj", "{4CFE7142-BCE2-4270-8719-8C2249435B1E}"
EndProject
Project("{FAE04EC0-301F-11D3-BF4B-00C04F79EFBC}") = "SFA.DAS.LearnerNotifications.LearnerNotificationService", "SFA.DAS.LearnerNotifications.LearnerNotificationService\SFA.DAS.LearnerNotifications.LearnerNotificationService.csproj", "{AAE19C04-550B-4737-A0C6-DF0CC61319A3}"
EndProject
Global
	GlobalSection(SolutionConfigurationPlatforms) = preSolution
		Debug|Any CPU = Debug|Any CPU
		Release|Any CPU = Release|Any CPU
	EndGlobalSection
	GlobalSection(ProjectConfigurationPlatforms) = postSolution
		{8EE80DB6-D02E-4D04-8350-407BA322E5AF}.Debug|Any CPU.ActiveCfg = Debug|Any CPU
		{8EE80DB6-D02E-4D04-8350-407BA322E5AF}.Debug|Any CPU.Build.0 = Debug|Any CPU
		{8EE80DB6-D02E-4D04-8350-407BA322E5AF}.Debug|Any CPU.Deploy.0 = Debug|Any CPU
		{8EE80DB6-D02E-4D04-8350-407BA322E5AF}.Release|Any CPU.ActiveCfg = Release|Any CPU
		{8EE80DB6-D02E-4D04-8350-407BA322E5AF}.Release|Any CPU.Build.0 = Release|Any CPU
		{8EE80DB6-D02E-4D04-8350-407BA322E5AF}.Release|Any CPU.Deploy.0 = Release|Any CPU
		{4CFE7142-BCE2-4270-8719-8C2249435B1E}.Debug|Any CPU.ActiveCfg = Debug|Any CPU
		{4CFE7142-BCE2-4270-8719-8C2249435B1E}.Debug|Any CPU.Build.0 = Debug|Any CPU
		{4CFE7142-BCE2-4270-8719-8C2249435B1E}.Release|Any CPU.ActiveCfg = Release|Any CPU
		{4CFE7142-BCE2-4270-8719-8C2249435B1E}.Release|Any CPU.Build.0 = Release|Any CPU
		{AAE19C04-550B-4737-A0C6-DF0CC61319A3}.Debug|Any CPU.ActiveCfg = Debug|Any CPU
		{AAE19C04-550B-4737-A0C6-DF0CC61319A3}.Debug|Any CPU.Build.0 = Debug|Any CPU
		{AAE19C04-550B-4737-A0C6-DF0CC61319A3}.Release|Any CPU.ActiveCfg = Release|Any CPU
		{AAE19C04-550B-4737-A0C6-DF0CC61319A3}.Release|Any CPU.Build.0 = Release|Any CPU
	EndGlobalSection
	GlobalSection(SolutionProperties) = preSolution
		HideSolutionNode = FALSE
	EndGlobalSection
	GlobalSection(NestedProjects) = preSolution
		{4CFE7142-BCE2-4270-8719-8C2249435B1E} = {336693DC-54CB-4328-97CC-523BF912C562}
	EndGlobalSection
	GlobalSection(ExtensibilityGlobals) = postSolution
		SolutionGuid = {F2696654-8E1B-47D0-8283-6D38B7D18F98}
	EndGlobalSection
EndGlobal
